Microsoft Visual Studio Solution File, Format Version 12.00
# Visual Studio 2012
Project("{FAE04EC0-301F-11D3-BF4B-00C04F79EFBC}") = "Components", "Components\Components.csproj", "{4EA98538-C086-4772-81DD-47EF69A9D214}"
EndProject
Project("{FAE04EC0-301F-11D3-BF4B-00C04F79EFBC}") = "GodotCompositionSourceGenerator", "GodotCompositionSourceGenerator\GodotCompositionSourceGenerator.csproj", "{18539B73-C3C8-4CDA-A857-B46C5D4FE965}"
EndProject
Project("{FAE04EC0-301F-11D3-BF4B-00C04F79EFBC}") = "GodotComposition", "GodotComposition.csproj", "{647AF7D0-FB86-4154-8F53-616F5E7152BB}"
EndProject
Project("{F2A71F9B-5D33-465A-A702-920D77279786}") = "GodotComposition.Data", "GodotComposition.Data\GodotComposition.Data.fsproj", "{7C40D114-2B8D-4F4E-9A3C-D4F2C976B3E2}"
EndProject
Global
	GlobalSection(SolutionConfigurationPlatforms) = preSolution
	Debug|Any CPU = Debug|Any CPU
	ExportDebug|Any CPU = ExportDebug|Any CPU
	ExportRelease|Any CPU = ExportRelease|Any CPU
	EndGlobalSection
	GlobalSection(ProjectConfigurationPlatforms) = postSolution
		{4EA98538-C086-4772-81DD-47EF69A9D214}.Debug|Any CPU.ActiveCfg = Debug|Any CPU
		{4EA98538-C086-4772-81DD-47EF69A9D214}.Debug|Any CPU.Build.0 = Debug|Any CPU
		{4EA98538-C086-4772-81DD-47EF69A9D214}.ExportDebug|Any CPU.ActiveCfg = Debug|Any CPU
		{4EA98538-C086-4772-81DD-47EF69A9D214}.ExportDebug|Any CPU.Build.0 = Debug|Any CPU
		{4EA98538-C086-4772-81DD-47EF69A9D214}.ExportRelease|Any CPU.ActiveCfg = Debug|Any CPU
		{4EA98538-C086-4772-81DD-47EF69A9D214}.ExportRelease|Any CPU.Build.0 = Debug|Any CPU
		{18539B73-C3C8-4CDA-A857-B46C5D4FE965}.Debug|Any CPU.ActiveCfg = Debug|Any CPU
		{18539B73-C3C8-4CDA-A857-B46C5D4FE965}.Debug|Any CPU.Build.0 = Debug|Any CPU
		{18539B73-C3C8-4CDA-A857-B46C5D4FE965}.ExportDebug|Any CPU.ActiveCfg = Debug|Any CPU
		{18539B73-C3C8-4CDA-A857-B46C5D4FE965}.ExportDebug|Any CPU.Build.0 = Debug|Any CPU
		{18539B73-C3C8-4CDA-A857-B46C5D4FE965}.ExportRelease|Any CPU.ActiveCfg = Debug|Any CPU
		{18539B73-C3C8-4CDA-A857-B46C5D4FE965}.ExportRelease|Any CPU.Build.0 = Debug|Any CPU
		{647AF7D0-FB86-4154-8F53-616F5E7152BB}.Debug|Any CPU.ActiveCfg = Debug|Any CPU
		{647AF7D0-FB86-4154-8F53-616F5E7152BB}.Debug|Any CPU.Build.0 = Debug|Any CPU
		{647AF7D0-FB86-4154-8F53-616F5E7152BB}.ExportDebug|Any CPU.ActiveCfg = ExportDebug|Any CPU
		{647AF7D0-FB86-4154-8F53-616F5E7152BB}.ExportDebug|Any CPU.Build.0 = ExportDebug|Any CPU
		{647AF7D0-FB86-4154-8F53-616F5E7152BB}.ExportRelease|Any CPU.ActiveCfg = ExportRelease|Any CPU
		{647AF7D0-FB86-4154-8F53-616F5E7152BB}.ExportRelease|Any CPU.Build.0 = ExportRelease|Any CPU
		{7C40D114-2B8D-4F4E-9A3C-D4F2C976B3E2}.Debug|Any CPU.ActiveCfg = Debug|Any CPU
		{7C40D114-2B8D-4F4E-9A3C-D4F2C976B3E2}.Debug|Any CPU.Build.0 = Debug|Any CPU
		{7C40D114-2B8D-4F4E-9A3C-D4F2C976B3E2}.ExportDebug|Any CPU.ActiveCfg = Debug|Any CPU
		{7C40D114-2B8D-4F4E-9A3C-D4F2C976B3E2}.ExportDebug|Any CPU.Build.0 = Debug|Any CPU
		{7C40D114-2B8D-4F4E-9A3C-D4F2C976B3E2}.ExportRelease|Any CPU.ActiveCfg = Debug|Any CPU
		{7C40D114-2B8D-4F4E-9A3C-D4F2C976B3E2}.ExportRelease|Any CPU.Build.0 = Debug|Any CPU
	EndGlobalSection
EndGlobal
